// !$*UTF8*$!
{
	archiveVersion = 1;
	classes = {
	};
	objectVersion = 50;
	objects = {

/* Begin PBXBuildFile section */
		1D63CB061E850BED8E198FC7 /* Pods_Teamkraft_city.framework in Frameworks */ = {isa = PBXBuildFile; fileRef = 6386A55A41C53B9245E4B85D /* Pods_Teamkraft_city.framework */; };
		5165EE0420C5F56D00CEDD81 /* AppDelegate.swift in Sources */ = {isa = PBXBuildFile; fileRef = 5165EE0320C5F56D00CEDD81 /* AppDelegate.swift */; };
		5165EE0620C5F56D00CEDD81 /* MassiveViewController.swift in Sources */ = {isa = PBXBuildFile; fileRef = 5165EE0520C5F56D00CEDD81 /* MassiveViewController.swift */; };
		5165EE0920C5F56D00CEDD81 /* Main.storyboard in Resources */ = {isa = PBXBuildFile; fileRef = 5165EE0720C5F56D00CEDD81 /* Main.storyboard */; };
		5165EE0B20C5F56E00CEDD81 /* Assets.xcassets in Resources */ = {isa = PBXBuildFile; fileRef = 5165EE0A20C5F56E00CEDD81 /* Assets.xcassets */; };
		5165EE0E20C5F56E00CEDD81 /* LaunchScreen.storyboard in Resources */ = {isa = PBXBuildFile; fileRef = 5165EE0C20C5F56E00CEDD81 /* LaunchScreen.storyboard */; };
		5165EE1A20C6A98100CEDD81 /* Models.swift in Sources */ = {isa = PBXBuildFile; fileRef = 5165EE1920C6A98100CEDD81 /* Models.swift */; };
/* End PBXBuildFile section */

/* Begin PBXFileReference section */
		3C42230FAA1B136D951DFF08 /* Pods-Teamkraft-city.debug.xcconfig */ = {isa = PBXFileReference; includeInIndex = 1; lastKnownFileType = text.xcconfig; name = "Pods-Teamkraft-city.debug.xcconfig"; path = "Pods/Target Support Files/Pods-Teamkraft-city/Pods-Teamkraft-city.debug.xcconfig"; sourceTree = "<group>"; };
		5165EE0020C5F56D00CEDD81 /* Teamkraft-city.app */ = {isa = PBXFileReference; explicitFileType = wrapper.application; includeInIndex = 0; path = "Teamkraft-city.app"; sourceTree = BUILT_PRODUCTS_DIR; };
		5165EE0320C5F56D00CEDD81 /* AppDelegate.swift */ = {isa = PBXFileReference; lastKnownFileType = sourcecode.swift; path = AppDelegate.swift; sourceTree = "<group>"; };
		5165EE0520C5F56D00CEDD81 /* MassiveViewController.swift */ = {isa = PBXFileReference; lastKnownFileType = sourcecode.swift; path = MassiveViewController.swift; sourceTree = "<group>"; };
		5165EE0820C5F56D00CEDD81 /* Base */ = {isa = PBXFileReference; lastKnownFileType = file.storyboard; name = Base; path = Base.lproj/Main.storyboard; sourceTree = "<group>"; };
		5165EE0A20C5F56E00CEDD81 /* Assets.xcassets */ = {isa = PBXFileReference; lastKnownFileType = folder.assetcatalog; path = Assets.xcassets; sourceTree = "<group>"; };
		5165EE0D20C5F56E00CEDD81 /* Base */ = {isa = PBXFileReference; lastKnownFileType = file.storyboard; name = Base; path = Base.lproj/LaunchScreen.storyboard; sourceTree = "<group>"; };
		5165EE0F20C5F56E00CEDD81 /* Info.plist */ = {isa = PBXFileReference; lastKnownFileType = text.plist.xml; path = Info.plist; sourceTree = "<group>"; };
		5165EE1920C6A98100CEDD81 /* Models.swift */ = {isa = PBXFileReference; lastKnownFileType = sourcecode.swift; path = Models.swift; sourceTree = "<group>"; };
		6386A55A41C53B9245E4B85D /* Pods_Teamkraft_city.framework */ = {isa = PBXFileReference; explicitFileType = wrapper.framework; includeInIndex = 0; path = Pods_Teamkraft_city.framework; sourceTree = BUILT_PRODUCTS_DIR; };
		AC84B15948D57291F5A29DC1 /* Pods-Teamkraft-city.release.xcconfig */ = {isa = PBXFileReference; includeInIndex = 1; lastKnownFileType = text.xcconfig; name = "Pods-Teamkraft-city.release.xcconfig"; path = "Pods/Target Support Files/Pods-Teamkraft-city/Pods-Teamkraft-city.release.xcconfig"; sourceTree = "<group>"; };
/* End PBXFileReference section */

/* Begin PBXFrameworksBuildPhase section */
		5165EDFD20C5F56D00CEDD81 /* Frameworks */ = {
			isa = PBXFrameworksBuildPhase;
			buildActionMask = 2147483647;
			files = (
				1D63CB061E850BED8E198FC7 /* Pods_Teamkraft_city.framework in Frameworks */,
			);
			runOnlyForDeploymentPostprocessing = 0;
		};
/* End PBXFrameworksBuildPhase section */

/* Begin PBXGroup section */
		309A7BF44DF4D4C6755610E0 /* Pods */ = {
			isa = PBXGroup;
			children = (
				3C42230FAA1B136D951DFF08 /* Pods-Teamkraft-city.debug.xcconfig */,
				AC84B15948D57291F5A29DC1 /* Pods-Teamkraft-city.release.xcconfig */,
			);
			name = Pods;
			sourceTree = "<group>";
		};
		5165EDF720C5F56C00CEDD81 = {
			isa = PBXGroup;
			children = (
				5165EE0220C5F56D00CEDD81 /* Teamkraft-city */,
				5165EE0120C5F56D00CEDD81 /* Products */,
				309A7BF44DF4D4C6755610E0 /* Pods */,
				68BC0140A57395064C78BA91 /* Frameworks */,
			);
			sourceTree = "<group>";
		};
		5165EE0120C5F56D00CEDD81 /* Products */ = {
			isa = PBXGroup;
			children = (
				5165EE0020C5F56D00CEDD81 /* Teamkraft-city.app */,
			);
			name = Products;
			sourceTree = "<group>";
		};
		5165EE0220C5F56D00CEDD81 /* Teamkraft-city */ = {
			isa = PBXGroup;
			children = (
				5165EE1B20C6A98E00CEDD81 /* Modules */,
				5165EE1620C6A94000CEDD81 /* Shared */,
			);
			path = "Teamkraft-city";
			sourceTree = "<group>";
		};
		5165EE1520C6A93700CEDD81 /* Models */ = {
			isa = PBXGroup;
			children = (
				5165EE1920C6A98100CEDD81 /* Models.swift */,
			);
			path = Models;
			sourceTree = "<group>";
		};
		5165EE1620C6A94000CEDD81 /* Shared */ = {
			isa = PBXGroup;
			children = (
				5165EE0320C5F56D00CEDD81 /* AppDelegate.swift */,
				5165EE1520C6A93700CEDD81 /* Models */,
				5165EE1820C6A95100CEDD81 /* Support Files */,
				5165EE1720C6A94A00CEDD81 /* Resources */,
			);
			path = Shared;
			sourceTree = "<group>";
		};
		5165EE1720C6A94A00CEDD81 /* Resources */ = {
			isa = PBXGroup;
			children = (
				5165EE0A20C5F56E00CEDD81 /* Assets.xcassets */,
			);
			path = Resources;
			sourceTree = "<group>";
		};
		5165EE1820C6A95100CEDD81 /* Support Files */ = {
			isa = PBXGroup;
			children = (
				5165EE0C20C5F56E00CEDD81 /* LaunchScreen.storyboard */,
				5165EE0F20C5F56E00CEDD81 /* Info.plist */,
			);
			path = "Support Files";
			sourceTree = "<group>";
		};
		5165EE1B20C6A98E00CEDD81 /* Modules */ = {
			isa = PBXGroup;
			children = (
				5165EE1C20C6A99A00CEDD81 /* MassiveViewController */,
			);
			path = Modules;
			sourceTree = "<group>";
		};
		5165EE1C20C6A99A00CEDD81 /* MassiveViewController */ = {
			isa = PBXGroup;
			children = (
				5165EE0520C5F56D00CEDD81 /* MassiveViewController.swift */,
				5165EE0720C5F56D00CEDD81 /* Main.storyboard */,
			);
			path = MassiveViewController;
			sourceTree = "<group>";
		};
		68BC0140A57395064C78BA91 /* Frameworks */ = {
			isa = PBXGroup;
			children = (
				6386A55A41C53B9245E4B85D /* Pods_Teamkraft_city.framework */,
			);
			name = Frameworks;
			sourceTree = "<group>";
		};
/* End PBXGroup section */

/* Begin PBXNativeTarget section */
		5165EDFF20C5F56D00CEDD81 /* Teamkraft-city */ = {
			isa = PBXNativeTarget;
			buildConfigurationList = 5165EE1220C5F56E00CEDD81 /* Build configuration list for PBXNativeTarget "Teamkraft-city" */;
			buildPhases = (
				A569867162DF349E19C21A3E /* [CP] Check Pods Manifest.lock */,
				5165EDFC20C5F56D00CEDD81 /* Sources */,
				5165EDFD20C5F56D00CEDD81 /* Frameworks */,
				5165EDFE20C5F56D00CEDD81 /* Resources */,
				94A25A8EF6B352BE049BD032 /* [CP] Embed Pods Frameworks */,
			);
			buildRules = (
			);
			dependencies = (
			);
			name = "Teamkraft-city";
			productName = "Teamkraft-city";
			productReference = 5165EE0020C5F56D00CEDD81 /* Teamkraft-city.app */;
			productType = "com.apple.product-type.application";
		};
/* End PBXNativeTarget section */

/* Begin PBXProject section */
		5165EDF820C5F56C00CEDD81 /* Project object */ = {
			isa = PBXProject;
			attributes = {
				LastSwiftUpdateCheck = 0930;
				LastUpgradeCheck = 0930;
				ORGANIZATIONNAME = horoko;
				TargetAttributes = {
					5165EDFF20C5F56D00CEDD81 = {
						CreatedOnToolsVersion = 9.3.1;
					};
				};
			};
			buildConfigurationList = 5165EDFB20C5F56C00CEDD81 /* Build configuration list for PBXProject "Teamkraft-city" */;
			compatibilityVersion = "Xcode 9.3";
			developmentRegion = en;
			hasScannedForEncodings = 0;
			knownRegions = (
				en,
				Base,
			);
			mainGroup = 5165EDF720C5F56C00CEDD81;
			productRefGroup = 5165EE0120C5F56D00CEDD81 /* Products */;
			projectDirPath = "";
			projectRoot = "";
			targets = (
				5165EDFF20C5F56D00CEDD81 /* Teamkraft-city */,
			);
		};
/* End PBXProject section */

/* Begin PBXResourcesBuildPhase section */
		5165EDFE20C5F56D00CEDD81 /* Resources */ = {
			isa = PBXResourcesBuildPhase;
			buildActionMask = 2147483647;
			files = (
				5165EE0E20C5F56E00CEDD81 /* LaunchScreen.storyboard in Resources */,
				5165EE0B20C5F56E00CEDD81 /* Assets.xcassets in Resources */,
				5165EE0920C5F56D00CEDD81 /* Main.storyboard in Resources */,
			);
			runOnlyForDeploymentPostprocessing = 0;
		};
/* End PBXResourcesBuildPhase section */

/* Begin PBXShellScriptBuildPhase section */
		94A25A8EF6B352BE049BD032 /* [CP] Embed Pods Frameworks */ = {
			isa = PBXShellScriptBuildPhase;
			buildActionMask = 2147483647;
			files = (
			);
			inputPaths = (
				"${SRCROOT}/Pods/Target Support Files/Pods-Teamkraft-city/Pods-Teamkraft-city-frameworks.sh",
				"${BUILT_PRODUCTS_DIR}/RxCocoa/RxCocoa.framework",
				"${BUILT_PRODUCTS_DIR}/RxSwift/RxSwift.framework",
			);
			name = "[CP] Embed Pods Frameworks";
			outputPaths = (
				"${TARGET_BUILD_DIR}/${FRAMEWORKS_FOLDER_PATH}/RxCocoa.framework",
				"${TARGET_BUILD_DIR}/${FRAMEWORKS_FOLDER_PATH}/RxSwift.framework",
			);
			runOnlyForDeploymentPostprocessing = 0;
			shellPath = /bin/sh;
			shellScript = "\"${SRCROOT}/Pods/Target Support Files/Pods-Teamkraft-city/Pods-Teamkraft-city-frameworks.sh\"\n";
			showEnvVarsInLog = 0;
		};
		A569867162DF349E19C21A3E /* [CP] Check Pods Manifest.lock */ = {
			isa = PBXShellScriptBuildPhase;
			buildActionMask = 2147483647;
			files = (
			);
			inputPaths = (
				"${PODS_PODFILE_DIR_PATH}/Podfile.lock",
				"${PODS_ROOT}/Manifest.lock",
			);
			name = "[CP] Check Pods Manifest.lock";
			outputPaths = (
				"$(DERIVED_FILE_DIR)/Pods-Teamkraft-city-checkManifestLockResult.txt",
			);
			runOnlyForDeploymentPostprocessing = 0;
			shellPath = /bin/sh;
			shellScript = "diff \"${PODS_PODFILE_DIR_PATH}/Podfile.lock\" \"${PODS_ROOT}/Manifest.lock\" > /dev/null\nif [ $? != 0 ] ; then\n    # print error to STDERR\n    echo \"error: The sandbox is not in sync with the Podfile.lock. Run 'pod install' or update your CocoaPods installation.\" >&2\n    exit 1\nfi\n# This output is used by Xcode 'outputs' to avoid re-running this script phase.\necho \"SUCCESS\" > \"${SCRIPT_OUTPUT_FILE_0}\"\n";
			showEnvVarsInLog = 0;
		};
/* End PBXShellScriptBuildPhase section */

/* Begin PBXSourcesBuildPhase section */
		5165EDFC20C5F56D00CEDD81 /* Sources */ = {
			isa = PBXSourcesBuildPhase;
			buildActionMask = 2147483647;
			files = (
				5165EE1A20C6A98100CEDD81 /* Models.swift in Sources */,
				5165EE0620C5F56D00CEDD81 /* MassiveViewController.swift in Sources */,
				5165EE0420C5F56D00CEDD81 /* AppDelegate.swift in Sources */,
			);
			runOnlyForDeploymentPostprocessing = 0;
		};
/* End PBXSourcesBuildPhase section */

/* Begin PBXVariantGroup section */
		5165EE0720C5F56D00CEDD81 /* Main.storyboard */ = {
			isa = PBXVariantGroup;
			children = (
				5165EE0820C5F56D00CEDD81 /* Base */,
			);
			name = Main.storyboard;
			sourceTree = "<group>";
		};
		5165EE0C20C5F56E00CEDD81 /* LaunchScreen.storyboard */ = {
			isa = PBXVariantGroup;
			children = (
				5165EE0D20C5F56E00CEDD81 /* Base */,
			);
			name = LaunchScreen.storyboard;
			sourceTree = "<group>";
		};
/* End PBXVariantGroup section */

/* Begin XCBuildConfiguration section */
		5165EE1020C5F56E00CEDD81 /* Debug */ = {
			isa = XCBuildConfiguration;
			buildSettings = {
				ALWAYS_SEARCH_USER_PATHS = NO;
				CLANG_ANALYZER_NONNULL = YES;
				CLANG_ANALYZER_NUMBER_OBJECT_CONVERSION = YES_AGGRESSIVE;
				CLANG_CXX_LANGUAGE_STANDARD = "gnu++14";
				CLANG_CXX_LIBRARY = "libc++";
				CLANG_ENABLE_MODULES = YES;
				CLANG_ENABLE_OBJC_ARC = YES;
				CLANG_ENABLE_OBJC_WEAK = YES;
				CLANG_WARN_BLOCK_CAPTURE_AUTORELEASING = YES;
				CLANG_WARN_BOOL_CONVERSION = YES;
				CLANG_WARN_COMMA = YES;
				CLANG_WARN_CONSTANT_CONVERSION = YES;
				CLANG_WARN_DEPRECATED_OBJC_IMPLEMENTATIONS = YES;
				CLANG_WARN_DIRECT_OBJC_ISA_USAGE = YES_ERROR;
				CLANG_WARN_DOCUMENTATION_COMMENTS = YES;
				CLANG_WARN_EMPTY_BODY = YES;
				CLANG_WARN_ENUM_CONVERSION = YES;
				CLANG_WARN_INFINITE_RECURSION = YES;
				CLANG_WARN_INT_CONVERSION = YES;
				CLANG_WARN_NON_LITERAL_NULL_CONVERSION = YES;
				CLANG_WARN_OBJC_IMPLICIT_RETAIN_SELF = YES;
				CLANG_WARN_OBJC_LITERAL_CONVERSION = YES;
				CLANG_WARN_OBJC_ROOT_CLASS = YES_ERROR;
				CLANG_WARN_RANGE_LOOP_ANALYSIS = YES;
				CLANG_WARN_STRICT_PROTOTYPES = YES;
				CLANG_WARN_SUSPICIOUS_MOVE = YES;
				CLANG_WARN_UNGUARDED_AVAILABILITY = YES_AGGRESSIVE;
				CLANG_WARN_UNREACHABLE_CODE = YES;
				CLANG_WARN__DUPLICATE_METHOD_MATCH = YES;
				CODE_SIGN_IDENTITY = "iPhone Developer";
				COPY_PHASE_STRIP = NO;
				DEBUG_INFORMATION_FORMAT = dwarf;
				ENABLE_STRICT_OBJC_MSGSEND = YES;
				ENABLE_TESTABILITY = YES;
				GCC_C_LANGUAGE_STANDARD = gnu11;
				GCC_DYNAMIC_NO_PIC = NO;
				GCC_NO_COMMON_BLOCKS = YES;
				GCC_OPTIMIZATION_LEVEL = 0;
				GCC_PREPROCESSOR_DEFINITIONS = (
					"DEBUG=1",
					"$(inherited)",
				);
				GCC_WARN_64_TO_32_BIT_CONVERSION = YES;
				GCC_WARN_ABOUT_RETURN_TYPE = YES_ERROR;
				GCC_WARN_UNDECLARED_SELECTOR = YES;
				GCC_WARN_UNINITIALIZED_AUTOS = YES_AGGRESSIVE;
				GCC_WARN_UNUSED_FUNCTION = YES;
				GCC_WARN_UNUSED_VARIABLE = YES;
				IPHONEOS_DEPLOYMENT_TARGET = 11.3;
				MTL_ENABLE_DEBUG_INFO = YES;
				ONLY_ACTIVE_ARCH = YES;
				SDKROOT = iphoneos;
				SWIFT_ACTIVE_COMPILATION_CONDITIONS = DEBUG;
				SWIFT_OPTIMIZATION_LEVEL = "-Onone";
			};
			name = Debug;
		};
		5165EE1120C5F56E00CEDD81 /* Release */ = {
			isa = XCBuildConfiguration;
			buildSettings = {
				ALWAYS_SEARCH_USER_PATHS = NO;
				CLANG_ANALYZER_NONNULL = YES;
				CLANG_ANALYZER_NUMBER_OBJECT_CONVERSION = YES_AGGRESSIVE;
				CLANG_CXX_LANGUAGE_STANDARD = "gnu++14";
				CLANG_CXX_LIBRARY = "libc++";
				CLANG_ENABLE_MODULES = YES;
				CLANG_ENABLE_OBJC_ARC = YES;
				CLANG_ENABLE_OBJC_WEAK = YES;
				CLANG_WARN_BLOCK_CAPTURE_AUTORELEASING = YES;
				CLANG_WARN_BOOL_CONVERSION = YES;
				CLANG_WARN_COMMA = YES;
				CLANG_WARN_CONSTANT_CONVERSION = YES;
				CLANG_WARN_DEPRECATED_OBJC_IMPLEMENTATIONS = YES;
				CLANG_WARN_DIRECT_OBJC_ISA_USAGE = YES_ERROR;
				CLANG_WARN_DOCUMENTATION_COMMENTS = YES;
				CLANG_WARN_EMPTY_BODY = YES;
				CLANG_WARN_ENUM_CONVERSION = YES;
				CLANG_WARN_INFINITE_RECURSION = YES;
				CLANG_WARN_INT_CONVERSION = YES;
				CLANG_WARN_NON_LITERAL_NULL_CONVERSION = YES;
				CLANG_WARN_OBJC_IMPLICIT_RETAIN_SELF = YES;
				CLANG_WARN_OBJC_LITERAL_CONVERSION = YES;
				CLANG_WARN_OBJC_ROOT_CLASS = YES_ERROR;
				CLANG_WARN_RANGE_LOOP_ANALYSIS = YES;
				CLANG_WARN_STRICT_PROTOTYPES = YES;
				CLANG_WARN_SUSPICIOUS_MOVE = YES;
				CLANG_WARN_UNGUARDED_AVAILABILITY = YES_AGGRESSIVE;
				CLANG_WARN_UNREACHABLE_CODE = YES;
				CLANG_WARN__DUPLICATE_METHOD_MATCH = YES;
				CODE_SIGN_IDENTITY = "iPhone Developer";
				COPY_PHASE_STRIP = NO;
				DEBUG_INFORMATION_FORMAT = "dwarf-with-dsym";
				ENABLE_NS_ASSERTIONS = NO;
				ENABLE_STRICT_OBJC_MSGSEND = YES;
				GCC_C_LANGUAGE_STANDARD = gnu11;
				GCC_NO_COMMON_BLOCKS = YES;
				GCC_WARN_64_TO_32_BIT_CONVERSION = YES;
				GCC_WARN_ABOUT_RETURN_TYPE = YES_ERROR;
				GCC_WARN_UNDECLARED_SELECTOR = YES;
				GCC_WARN_UNINITIALIZED_AUTOS = YES_AGGRESSIVE;
				GCC_WARN_UNUSED_FUNCTION = YES;
				GCC_WARN_UNUSED_VARIABLE = YES;
				IPHONEOS_DEPLOYMENT_TARGET = 11.3;
				MTL_ENABLE_DEBUG_INFO = NO;
				SDKROOT = iphoneos;
				SWIFT_COMPILATION_MODE = wholemodule;
				SWIFT_OPTIMIZATION_LEVEL = "-O";
				VALIDATE_PRODUCT = YES;
			};
			name = Release;
		};
		5165EE1320C5F56E00CEDD81 /* Debug */ = {
			isa = XCBuildConfiguration;
			baseConfigurationReference = 3C42230FAA1B136D951DFF08 /* Pods-Teamkraft-city.debug.xcconfig */;
			buildSettings = {
				ASSETCATALOG_COMPILER_APPICON_NAME = AppIcon;
				CODE_SIGN_STYLE = Automatic;
				DEVELOPMENT_TEAM = DX48S76K53;
				INFOPLIST_FILE = "$(SRCROOT)/Teamkraft-city/Shared/Support Files/Info.plist";
				LD_RUNPATH_SEARCH_PATHS = (
					"$(inherited)",
					"@executable_path/Frameworks",
				);
				PRODUCT_BUNDLE_IDENTIFIER = "horoko.Teamkraft-city";
				PRODUCT_NAME = "$(TARGET_NAME)";
				SWIFT_VERSION = 4.0;
				TARGETED_DEVICE_FAMILY = "1,2";
			};
			name = Debug;
		};
		5165EE1420C5F56E00CEDD81 /* Release */ = {
			isa = XCBuildConfiguration;
			baseConfigurationReference = AC84B15948D57291F5A29DC1 /* Pods-Teamkraft-city.release.xcconfig */;
			buildSettings = {
				ASSETCATALOG_COMPILER_APPICON_NAME = AppIcon;
				CODE_SIGN_STYLE = Automatic;
				DEVELOPMENT_TEAM = DX48S76K53;
				INFOPLIST_FILE = "$(SRCROOT)/Teamkraft-city/Shared/Support Files/Info.plist";
				LD_RUNPATH_SEARCH_PATHS = (
					"$(inherited)",
					"@executable_path/Frameworks",
				);
				PRODUCT_BUNDLE_IDENTIFIER = "horoko.Teamkraft-city";
				PRODUCT_NAME = "$(TARGET_NAME)";
				SWIFT_VERSION = 4.0;
				TARGETED_DEVICE_FAMILY = "1,2";
			};
			name = Release;
		};
/* End XCBuildConfiguration section */

/* Begin XCConfigurationList section */
		5165EDFB20C5F56C00CEDD81 /* Build configuration list for PBXProject "Teamkraft-city" */ = {
			isa = XCConfigurationList;
			buildConfigurations = (
				5165EE1020C5F56E00CEDD81 /* Debug */,
				5165EE1120C5F56E00CEDD81 /* Release */,
			);
			defaultConfigurationIsVisible = 0;
			defaultConfigurationName = Release;
		};
		5165EE1220C5F56E00CEDD81 /* Build configuration list for PBXNativeTarget "Teamkraft-city" */ = {
			isa = XCConfigurationList;
			buildConfigurations = (
				5165EE1320C5F56E00CEDD81 /* Debug */,
				5165EE1420C5F56E00CEDD81 /* Release */,
			);
			defaultConfigurationIsVisible = 0;
			defaultConfigurationName = Release;
		};
/* End XCConfigurationList section */
	};
	rootObject = 5165EDF820C5F56C00CEDD81 /* Project object */;
}
